
Microsoft Visual Studio Solution File, Format Version 12.00
# Visual Studio Version 17
VisualStudioVersion = 17.4.33213.308
MinimumVisualStudioVersion = 10.0.40219.1
Project("{FAE04EC0-301F-11D3-BF4B-00C04F79EFBC}") = "LibraryManagement.Android", "LibraryManagement\LibraryManagement.Android\LibraryManagement.Android.csproj", "{698C5689-F8DE-4B1D-B647-6C62FB88893B}"
EndProject
Project("{FAE04EC0-301F-11D3-BF4B-00C04F79EFBC}") = "LibraryManagement.iOS", "LibraryManagement\LibraryManagement.iOS\LibraryManagement.iOS.csproj", "{400642DC-1F74-4C01-B5DF-0341E200785B}"
EndProject
Project("{9A19103F-16F7-4668-BE54-9A1E7A4F7556}") = "LibraryManagement", "LibraryManagement\LibraryManagement\LibraryManagement.csproj", "{ED36B98C-D108-4CD9-A885-B6B4420FAFCF}"
EndProject
Global
	GlobalSection(SolutionConfigurationPlatforms) = preSolution
		Debug|Any CPU = Debug|Any CPU
		Debug|iPhone = Debug|iPhone
		Debug|iPhoneSimulator = Debug|iPhoneSimulator
		Release|Any CPU = Release|Any CPU
		Release|iPhone = Release|iPhone
		Release|iPhoneSimulator = Release|iPhoneSimulator
	EndGlobalSection
	GlobalSection(ProjectConfigurationPlatforms) = postSolution
		{698C5689-F8DE-4B1D-B647-6C62FB88893B}.Debug|Any CPU.ActiveCfg = Debug|Any CPU
		{698C5689-F8DE-4B1D-B647-6C62FB88893B}.Debug|Any CPU.Build.0 = Debug|Any CPU
		{698C5689-F8DE-4B1D-B647-6C62FB88893B}.Debug|Any CPU.Deploy.0 = Debug|Any CPU
		{698C5689-F8DE-4B1D-B647-6C62FB88893B}.Debug|iPhone.ActiveCfg = Debug|Any CPU
		{698C5689-F8DE-4B1D-B647-6C62FB88893B}.Debug|iPhone.Build.0 = Debug|Any CPU
		{698C5689-F8DE-4B1D-B647-6C62FB88893B}.Debug|iPhone.Deploy.0 = Debug|Any CPU
		{698C5689-F8DE-4B1D-B647-6C62FB88893B}.Debug|iPhoneSimulator.ActiveCfg = Debug|Any CPU
		{698C5689-F8DE-4B1D-B647-6C62FB88893B}.Debug|iPhoneSimulator.Build.0 = Debug|Any CPU
		{698C5689-F8DE-4B1D-B647-6C62FB88893B}.Debug|iPhoneSimulator.Deploy.0 = Debug|Any CPU
		{698C5689-F8DE-4B1D-B647-6C62FB88893B}.Release|Any CPU.ActiveCfg = Release|Any CPU
		{698C5689-F8DE-4B1D-B647-6C62FB88893B}.Release|Any CPU.Build.0 = Release|Any CPU
		{698C5689-F8DE-4B1D-B647-6C62FB88893B}.Release|Any CPU.Deploy.0 = Release|Any CPU
		{698C5689-F8DE-4B1D-B647-6C62FB88893B}.Release|iPhone.ActiveCfg = Release|Any CPU
		{698C5689-F8DE-4B1D-B647-6C62FB88893B}.Release|iPhone.Build.0 = Release|Any CPU
		{698C5689-F8DE-4B1D-B647-6C62FB88893B}.Release|iPhone.Deploy.0 = Release|Any CPU
		{698C5689-F8DE-4B1D-B647-6C62FB88893B}.Release|iPhoneSimulator.ActiveCfg = Release|Any CPU
		{698C5689-F8DE-4B1D-B647-6C62FB88893B}.Release|iPhoneSimulator.Build.0 = Release|Any CPU
		{698C5689-F8DE-4B1D-B647-6C62FB88893B}.Release|iPhoneSimulator.Deploy.0 = Release|Any CPU
		{400642DC-1F74-4C01-B5DF-0341E200785B}.Debug|Any CPU.ActiveCfg = Debug|iPhone
		{400642DC-1F74-4C01-B5DF-0341E200785B}.Debug|Any CPU.Build.0 = Debug|iPhone
		{400642DC-1F74-4C01-B5DF-0341E200785B}.Debug|Any CPU.Deploy.0 = Debug|iPhone
		{400642DC-1F74-4C01-B5DF-0341E200785B}.Debug|iPhone.ActiveCfg = Debug|iPhone
		{400642DC-1F74-4C01-B5DF-0341E200785B}.Debug|iPhone.Build.0 = Debug|iPhone
		{400642DC-1F74-4C01-B5DF-0341E200785B}.Debug|iPhone.Deploy.0 = Debug|iPhone
		{400642DC-1F74-4C01-B5DF-0341E200785B}.Debug|iPhoneSimulator.ActiveCfg = Debug|iPhoneSimulator
		{400642DC-1F74-4C01-B5DF-0341E200785B}.Debug|iPhoneSimulator.Build.0 = Debug|iPhoneSimulator
		{400642DC-1F74-4C01-B5DF-0341E200785B}.Debug|iPhoneSimulator.Deploy.0 = Debug|iPhoneSimulator
		{400642DC-1F74-4C01-B5DF-0341E200785B}.Release|Any CPU.ActiveCfg = Release|iPhoneSimulator
		{400642DC-1F74-4C01-B5DF-0341E200785B}.Release|Any CPU.Build.0 = Release|iPhoneSimulator
		{400642DC-1F74-4C01-B5DF-0341E200785B}.Release|Any CPU.Deploy.0 = Release|iPhoneSimulator
		{400642DC-1F74-4C01-B5DF-0341E200785B}.Release|iPhone.ActiveCfg = Release|iPhone
		{400642DC-1F74-4C01-B5DF-0341E200785B}.Release|iPhone.Build.0 = Release|iPhone
		{400642DC-1F74-4C01-B5DF-0341E200785B}.Release|iPhone.Deploy.0 = Release|iPhone
		{400642DC-1F74-4C01-B5DF-0341E200785B}.Release|iPhoneSimulator.ActiveCfg = Release|iPhoneSimulator
		{400642DC-1F74-4C01-B5DF-0341E200785B}.Release|iPhoneSimulator.Build.0 = Release|iPhoneSimulator
		{400642DC-1F74-4C01-B5DF-0341E200785B}.Release|iPhoneSimulator.Deploy.0 = Release|iPhoneSimulator
		{ED36B98C-D108-4CD9-A885-B6B4420FAFCF}.Debug|Any CPU.ActiveCfg = Debug|Any CPU
		{ED36B98C-D108-4CD9-A885-B6B4420FAFCF}.Debug|Any CPU.Build.0 = Debug|Any CPU
		{ED36B98C-D108-4CD9-A885-B6B4420FAFCF}.Debug|Any CPU.Deploy.0 = Debug|Any CPU
		{ED36B98C-D108-4CD9-A885-B6B4420FAFCF}.Debug|iPhone.ActiveCfg = Debug|Any CPU
		{ED36B98C-D108-4CD9-A885-B6B4420FAFCF}.Debug|iPhone.Build.0 = Debug|Any CPU
		{ED36B98C-D108-4CD9-A885-B6B4420FAFCF}.Debug|iPhone.Deploy.0 = Debug|Any CPU
		{ED36B98C-D108-4CD9-A885-B6B4420FAFCF}.Debug|iPhoneSimulator.ActiveCfg = Debug|Any CPU
		{ED36B98C-D108-4CD9-A885-B6B4420FAFCF}.Debug|iPhoneSimulator.Build.0 = Debug|Any CPU
		{ED36B98C-D108-4CD9-A885-B6B4420FAFCF}.Debug|iPhoneSimulator.Deploy.0 = Debug|Any CPU
		{ED36B98C-D108-4CD9-A885-B6B4420FAFCF}.Release|Any CPU.ActiveCfg = Release|Any CPU
		{ED36B98C-D108-4CD9-A885-B6B4420FAFCF}.Release|Any CPU.Build.0 = Release|Any CPU
		{ED36B98C-D108-4CD9-A885-B6B4420FAFCF}.Release|Any CPU.Deploy.0 = Release|Any CPU
		{ED36B98C-D108-4CD9-A885-B6B4420FAFCF}.Release|iPhone.ActiveCfg = Release|Any CPU
		{ED36B98C-D108-4CD9-A885-B6B4420FAFCF}.Release|iPhone.Build.0 = Release|Any CPU
		{ED36B98C-D108-4CD9-A885-B6B4420FAFCF}.Release|iPhone.Deploy.0 = Release|Any CPU
		{ED36B98C-D108-4CD9-A885-B6B4420FAFCF}.Release|iPhoneSimulator.ActiveCfg = Release|Any CPU
		{ED36B98C-D108-4CD9-A885-B6B4420FAFCF}.Release|iPhoneSimulator.Build.0 = Release|Any CPU
		{ED36B98C-D108-4CD9-A885-B6B4420FAFCF}.Release|iPhoneSimulator.Deploy.0 = Release|Any CPU
	EndGlobalSection
	GlobalSection(SolutionProperties) = preSolution
		HideSolutionNode = FALSE
	EndGlobalSection
	GlobalSection(ExtensibilityGlobals) = postSolution
		SolutionGuid = {4BA07173-98FF-4297-85F5-AB6B2C346301}
	EndGlobalSection
EndGlobal
